{
    __meta__ = {
        version = "1.0"
    },
    ["linux|x86_64"] = {
        ["boost#a409d47f"] = {
            version = "1.90.0"
        },
        ["cmake#f56260b5"] = {
            version = "4.2.1"
        },
        ["nghttp2#f56260b5"] = {
            version = "1.68.0"
        },
        ["ninja#f56260b5"] = {
            version = "v1.13.1"
        },
        ["openssl#f56260b5"] = {
            version = "1.1.1-w"
        }
    }
}